
Microsoft Visual Studio Solution File, Format Version 12.00
# Visual Studio Version 16
VisualStudioVersion = 16.0.31727.386
MinimumVisualStudioVersion = 10.0.40219.1
Project("{9A19103F-16F7-4668-BE54-9A1E7A4F7556}") = "CodingTestKmart", "CodingTestKmart\CodingTestKmart.csproj", "{301C3234-4A4E-48F8-ABFA-39D26EDBE6EE}"
EndProject
Project("{FAE04EC0-301F-11D3-BF4B-00C04F79EFBC}") = "CodingTestKmartUnitTests", "CodingTestKmartUnitTests\CodingTestKmartUnitTests.csproj", "{0F3B36F6-AF45-4EA7-9F60-5EEF42A37E9A}"
EndProject
Global
	GlobalSection(SolutionConfigurationPlatforms) = preSolution
		Debug|Any CPU = Debug|Any CPU
		Release|Any CPU = Release|Any CPU
	EndGlobalSection
	GlobalSection(ProjectConfigurationPlatforms) = postSolution
		{301C3234-4A4E-48F8-ABFA-39D26EDBE6EE}.Debug|Any CPU.ActiveCfg = Debug|Any CPU
		{301C3234-4A4E-48F8-ABFA-39D26EDBE6EE}.Debug|Any CPU.Build.0 = Debug|Any CPU
		{301C3234-4A4E-48F8-ABFA-39D26EDBE6EE}.Release|Any CPU.ActiveCfg = Release|Any CPU
		{301C3234-4A4E-48F8-ABFA-39D26EDBE6EE}.Release|Any CPU.Build.0 = Release|Any CPU
		{0F3B36F6-AF45-4EA7-9F60-5EEF42A37E9A}.Debug|Any CPU.ActiveCfg = Debug|Any CPU
		{0F3B36F6-AF45-4EA7-9F60-5EEF42A37E9A}.Debug|Any CPU.Build.0 = Debug|Any CPU
		{0F3B36F6-AF45-4EA7-9F60-5EEF42A37E9A}.Release|Any CPU.ActiveCfg = Release|Any CPU
		{0F3B36F6-AF45-4EA7-9F60-5EEF42A37E9A}.Release|Any CPU.Build.0 = Release|Any CPU
	EndGlobalSection
	GlobalSection(SolutionProperties) = preSolution
		HideSolutionNode = FALSE
	EndGlobalSection
	GlobalSection(ExtensibilityGlobals) = postSolution
		SolutionGuid = {04E949BB-A412-4CDB-A965-7BD73AC5BF33}
	EndGlobalSection
EndGlobal
